
Microsoft Visual Studio Solution File, Format Version 12.00
# Visual Studio Version 17
VisualStudioVersion = 17.9.34607.119
MinimumVisualStudioVersion = 10.0.40219.1
Project("{FAE04EC0-301F-11D3-BF4B-00C04F79EFBC}") = "ExamplePolyMorpism", "ExamplePolyMorpism.csproj", "{BC1097B1-3FD3-4F2A-85DF-8E595A038911}"
EndProject
Project("{FAE04EC0-301F-11D3-BF4B-00C04F79EFBC}") = "ProductServiceEx", "..\ProductServiceEx\ProductServiceEx.csproj", "{2AAEE212-D91C-4398-A9A7-0633A65E5101}"
EndProject
Global
	GlobalSection(SolutionConfigurationPlatforms) = preSolution
		Debug|Any CPU = Debug|Any CPU
		Release|Any CPU = Release|Any CPU
	EndGlobalSection
	GlobalSection(ProjectConfigurationPlatforms) = postSolution
		{BC1097B1-3FD3-4F2A-85DF-8E595A038911}.Debug|Any CPU.ActiveCfg = Debug|Any CPU
		{BC1097B1-3FD3-4F2A-85DF-8E595A038911}.Debug|Any CPU.Build.0 = Debug|Any CPU
		{BC1097B1-3FD3-4F2A-85DF-8E595A038911}.Release|Any CPU.ActiveCfg = Release|Any CPU
		{BC1097B1-3FD3-4F2A-85DF-8E595A038911}.Release|Any CPU.Build.0 = Release|Any CPU
		{2AAEE212-D91C-4398-A9A7-0633A65E5101}.Debug|Any CPU.ActiveCfg = Debug|Any CPU
		{2AAEE212-D91C-4398-A9A7-0633A65E5101}.Debug|Any CPU.Build.0 = Debug|Any CPU
		{2AAEE212-D91C-4398-A9A7-0633A65E5101}.Release|Any CPU.ActiveCfg = Release|Any CPU
		{2AAEE212-D91C-4398-A9A7-0633A65E5101}.Release|Any CPU.Build.0 = Release|Any CPU
	EndGlobalSection
	GlobalSection(SolutionProperties) = preSolution
		HideSolutionNode = FALSE
	EndGlobalSection
	GlobalSection(ExtensibilityGlobals) = postSolution
		SolutionGuid = {41C92435-6608-4894-B78D-FA55F4178478}
	EndGlobalSection
EndGlobal
